// !$*UTF8*$!
{
	archiveVersion = 1;
	classes = {
	};
	objectVersion = 46;
	objects = {

/* Begin PBXBuildFile section */
		D04E28D41B607B1B005CC1F8 /* main.m in Sources */ = {isa = PBXBuildFile; fileRef = D04E28D31B607B1B005CC1F8 /* main.m */; };
		D04E28D71B607B1B005CC1F8 /* AppDelegate.m in Sources */ = {isa = PBXBuildFile; fileRef = D04E28D61B607B1B005CC1F8 /* AppDelegate.m */; };
		D04E28DA1B607B1B005CC1F8 /* ViewController.m in Sources */ = {isa = PBXBuildFile; fileRef = D04E28D91B607B1B005CC1F8 /* ViewController.m */; };
		D04E28DD1B607B1B005CC1F8 /* Main.storyboard in Resources */ = {isa = PBXBuildFile; fileRef = D04E28DB1B607B1B005CC1F8 /* Main.storyboard */; };
		D04E28DF1B607B1B005CC1F8 /* Images.xcassets in Resources */ = {isa = PBXBuildFile; fileRef = D04E28DE1B607B1B005CC1F8 /* Images.xcassets */; };
		D04E28E21B607B1B005CC1F8 /* LaunchScreen.xib in Resources */ = {isa = PBXBuildFile; fileRef = D04E28E01B607B1B005CC1F8 /* LaunchScreen.xib */; };
		D04E28EE1B607B1C005CC1F8 /* transtionTests.m in Sources */ = {isa = PBXBuildFile; fileRef = D04E28ED1B607B1C005CC1F8 /* transtionTests.m */; };
/* End PBXBuildFile section */

/* Begin PBXContainerItemProxy section */
		D04E28E81B607B1C005CC1F8 /* PBXContainerItemProxy */ = {
			isa = PBXContainerItemProxy;
			containerPortal = D04E28C61B607B1B005CC1F8 /* Project object */;
			proxyType = 1;
			remoteGlobalIDString = D04E28CD1B607B1B005CC1F8;
			remoteInfo = transtion;
		};
/* End PBXContainerItemProxy section */

/* Begin PBXFileReference section */
		D04E28CE1B607B1B005CC1F8 /* transtion.app */ = {isa = PBXFileReference; explicitFileType = wrapper.application; includeInIndex = 0; path = transtion.app; sourceTree = BUILT_PRODUCTS_DIR; };
		D04E28D21B607B1B005CC1F8 /* Info.plist */ = {isa = PBXFileReference; lastKnownFileType = text.plist.xml; path = Info.plist; sourceTree = "<group>"; };
		D04E28D31B607B1B005CC1F8 /* main.m */ = {isa = PBXFileReference; lastKnownFileType = sourcecode.c.objc; path = main.m; sourceTree = "<group>"; };
		D04E28D51B607B1B005CC1F8 /* AppDelegate.h */ = {isa = PBXFileReference; lastKnownFileType = sourcecode.c.h; path = AppDelegate.h; sourceTree = "<group>"; };
		D04E28D61B607B1B005CC1F8 /* AppDelegate.m */ = {isa = PBXFileReference; lastKnownFileType = sourcecode.c.objc; path = AppDelegate.m; sourceTree = "<group>"; };
		D04E28D81B607B1B005CC1F8 /* ViewController.h */ = {isa = PBXFileReference; lastKnownFileType = sourcecode.c.h; path = ViewController.h; sourceTree = "<group>"; };
		D04E28D91B607B1B005CC1F8 /* ViewController.m */ = {isa = PBXFileReference; lastKnownFileType = sourcecode.c.objc; path = ViewController.m; sourceTree = "<group>"; };
		D04E28DC1B607B1B005CC1F8 /* Base */ = {isa = PBXFileReference; lastKnownFileType = file.storyboard; name = Base; path = Base.lproj/Main.storyboard; sourceTree = "<group>"; };
		D04E28DE1B607B1B005CC1F8 /* Images.xcassets */ = {isa = PBXFileReference; lastKnownFileType = folder.assetcatalog; path = Images.xcassets; sourceTree = "<group>"; };
		D04E28E11B607B1B005CC1F8 /* Base */ = {isa = PBXFileReference; lastKnownFileType = file.xib; name = Base; path = Base.lproj/LaunchScreen.xib; sourceTree = "<group>"; };
		D04E28E71B607B1C005CC1F8 /* transtionTests.xctest */ = {isa = PBXFileReference; explicitFileType = wrapper.cfbundle; includeInIndex = 0; path = transtionTests.xctest; sourceTree = BUILT_PRODUCTS_DIR; };
		D04E28EC1B607B1C005CC1F8 /* Info.plist */ = {isa = PBXFileReference; lastKnownFileType = text.plist.xml; path = Info.plist; sourceTree = "<group>"; };
		D04E28ED1B607B1C005CC1F8 /* transtionTests.m */ = {isa = PBXFileReference; lastKnownFileType = sourcecode.c.objc; path = transtionTests.m; sourceTree = "<group>"; };
/* End PBXFileReference section */

/* Begin PBXFrameworksBuildPhase section */
		D04E28CB1B607B1B005CC1F8 /* Frameworks */ = {
			isa = PBXFrameworksBuildPhase;
			buildActionMask = 2147483647;
			files = (
			);
			runOnlyForDeploymentPostprocessing = 0;
		};
		D04E28E41B607B1C005CC1F8 /* Frameworks */ = {
			isa = PBXFrameworksBuildPhase;
			buildActionMask = 2147483647;
			files = (
			);
			runOnlyForDeploymentPostprocessing = 0;
		};
/* End PBXFrameworksBuildPhase section */

/* Begin PBXGroup section */
		D04E28C51B607B1B005CC1F8 = {
			isa = PBXGroup;
			children = (
				D04E28D01B607B1B005CC1F8 /* transtion */,
				D04E28EA1B607B1C005CC1F8 /* transtionTests */,
				D04E28CF1B607B1B005CC1F8 /* Products */,
			);
			sourceTree = "<group>";
		};
		D04E28CF1B607B1B005CC1F8 /* Products */ = {
			isa = PBXGroup;
			children = (
				D04E28CE1B607B1B005CC1F8 /* transtion.app */,
				D04E28E71B607B1C005CC1F8 /* transtionTests.xctest */,
			);
			name = Products;
			sourceTree = "<group>";
		};
		D04E28D01B607B1B005CC1F8 /* transtion */ = {
			isa = PBXGroup;
			children = (
				D04E28D51B607B1B005CC1F8 /* AppDelegate.h */,
				D04E28D61B607B1B005CC1F8 /* AppDelegate.m */,
				D04E28D81B607B1B005CC1F8 /* ViewController.h */,
				D04E28D91B607B1B005CC1F8 /* ViewController.m */,
				D04E28DB1B607B1B005CC1F8 /* Main.storyboard */,
				D04E28DE1B607B1B005CC1F8 /* Images.xcassets */,
				D04E28E01B607B1B005CC1F8 /* LaunchScreen.xib */,
				D04E28D11B607B1B005CC1F8 /* Supporting Files */,
			);
			path = transtion;
			sourceTree = "<group>";
		};
		D04E28D11B607B1B005CC1F8 /* Supporting Files */ = {
			isa = PBXGroup;
			children = (
				D04E28D21B607B1B005CC1F8 /* Info.plist */,
				D04E28D31B607B1B005CC1F8 /* main.m */,
			);
			name = "Supporting Files";
			sourceTree = "<group>";
		};
		D04E28EA1B607B1C005CC1F8 /* transtionTests */ = {
			isa = PBXGroup;
			children = (
				D04E28ED1B607B1C005CC1F8 /* transtionTests.m */,
				D04E28EB1B607B1C005CC1F8 /* Supporting Files */,
			);
			path = transtionTests;
			sourceTree = "<group>";
		};
		D04E28EB1B607B1C005CC1F8 /* Supporting Files */ = {
			isa = PBXGroup;
			children = (
				D04E28EC1B607B1C005CC1F8 /* Info.plist */,
			);
			name = "Supporting Files";
			sourceTree = "<group>";
		};
/* End PBXGroup section */

/* Begin PBXNativeTarget section */
		D04E28CD1B607B1B005CC1F8 /* transtion */ = {
			isa = PBXNativeTarget;
			buildConfigurationList = D04E28F11B607B1C005CC1F8 /* Build configuration list for PBXNativeTarget "transtion" */;
			buildPhases = (
				D04E28CA1B607B1B005CC1F8 /* Sources */,
				D04E28CB1B607B1B005CC1F8 /* Frameworks */,
				D04E28CC1B607B1B005CC1F8 /* Resources */,
			);
			buildRules = (
			);
			dependencies = (
			);
			name = transtion;
			productName = transtion;
			productReference = D04E28CE1B607B1B005CC1F8 /* transtion.app */;
			productType = "com.apple.product-type.application";
		};
		D04E28E61B607B1C005CC1F8 /* transtionTests */ = {
			isa = PBXNativeTarget;
			buildConfigurationList = D04E28F41B607B1C005CC1F8 /* Build configuration list for PBXNativeTarget "transtionTests" */;
			buildPhases = (
				D04E28E31B607B1C005CC1F8 /* Sources */,
				D04E28E41B607B1C005CC1F8 /* Frameworks */,
				D04E28E51B607B1C005CC1F8 /* Resources */,
			);
			buildRules = (
			);
			dependencies = (
				D04E28E91B607B1C005CC1F8 /* PBXTargetDependency */,
			);
			name = transtionTests;
			productName = transtionTests;
			productReference = D04E28E71B607B1C005CC1F8 /* transtionTests.xctest */;
			productType = "com.apple.product-type.bundle.unit-test";
		};
/* End PBXNativeTarget section */

/* Begin PBXProject section */
		D04E28C61B607B1B005CC1F8 /* Project object */ = {
			isa = PBXProject;
			attributes = {
				LastUpgradeCheck = 0610;
				ORGANIZATIONNAME = zhuli8;
				TargetAttributes = {
					D04E28CD1B607B1B005CC1F8 = {
						CreatedOnToolsVersion = 6.1.1;
					};
					D04E28E61B607B1C005CC1F8 = {
						CreatedOnToolsVersion = 6.1.1;
						TestTargetID = D04E28CD1B607B1B005CC1F8;
					};
				};
			};
			buildConfigurationList = D04E28C91B607B1B005CC1F8 /* Build configuration list for PBXProject "transtion" */;
			compatibilityVersion = "Xcode 3.2";
			developmentRegion = English;
			hasScannedForEncodings = 0;
			knownRegions = (
				en,
				Base,
			);
			mainGroup = D04E28C51B607B1B005CC1F8;
			productRefGroup = D04E28CF1B607B1B005CC1F8 /* Products */;
			projectDirPath = "";
			projectRoot = "";
			targets = (
				D04E28CD1B607B1B005CC1F8 /* transtion */,
				D04E28E61B607B1C005CC1F8 /* transtionTests */,
			);
		};
/* End PBXProject section */

/* Begin PBXResourcesBuildPhase section */
		D04E28CC1B607B1B005CC1F8 /* Resources */ = {
			isa = PBXResourcesBuildPhase;
			buildActionMask = 2147483647;
			files = (
				D04E28DD1B607B1B005CC1F8 /* Main.storyboard in Resources */,
				D04E28E21B607B1B005CC1F8 /* LaunchScreen.xib in Resources */,
				D04E28DF1B607B1B005CC1F8 /* Images.xcassets in Resources */,
			);
			runOnlyForDeploymentPostprocessing = 0;
		};
		D04E28E51B607B1C005CC1F8 /* Resources */ = {
			isa = PBXResourcesBuildPhase;
			buildActionMask = 2147483647;
			files = (
			);
			runOnlyForDeploymentPostprocessing = 0;
		};
/* End PBXResourcesBuildPhase section */

/* Begin PBXSourcesBuildPhase section */
		D04E28CA1B607B1B005CC1F8 /* Sources */ = {
			isa = PBXSourcesBuildPhase;
			buildActionMask = 2147483647;
			files = (
				D04E28DA1B607B1B005CC1F8 /* ViewController.m in Sources */,
				D04E28D71B607B1B005CC1F8 /* AppDelegate.m in Sources */,
				D04E28D41B607B1B005CC1F8 /* main.m in Sources */,
			);
			runOnlyForDeploymentPostprocessing = 0;
		};
		D04E28E31B607B1C005CC1F8 /* Sources */ = {
			isa = PBXSourcesBuildPhase;
			buildActionMask = 2147483647;
			files = (
				D04E28EE1B607B1C005CC1F8 /* transtionTests.m in Sources */,
			);
			runOnlyForDeploymentPostprocessing = 0;
		};
/* End PBXSourcesBuildPhase section */

/* Begin PBXTargetDependency section */
		D04E28E91B607B1C005CC1F8 /* PBXTargetDependency */ = {
			isa = PBXTargetDependency;
			target = D04E28CD1B607B1B005CC1F8 /* transtion */;
			targetProxy = D04E28E81B607B1C005CC1F8 /* PBXContainerItemProxy */;
		};
/* End PBXTargetDependency section */

/* Begin PBXVariantGroup section */
		D04E28DB1B607B1B005CC1F8 /* Main.storyboard */ = {
			isa = PBXVariantGroup;
			children = (
				D04E28DC1B607B1B005CC1F8 /* Base */,
			);
			name = Main.storyboard;
			sourceTree = "<group>";
		};
		D04E28E01B607B1B005CC1F8 /* LaunchScreen.xib */ = {
			isa = PBXVariantGroup;
			children = (
				D04E28E11B607B1B005CC1F8 /* Base */,
			);
			name = LaunchScreen.xib;
			sourceTree = "<group>";
		};
/* End PBXVariantGroup section */

/* Begin XCBuildConfiguration section */
		D04E28EF1B607B1C005CC1F8 /* Debug */ = {
			isa = XCBuildConfiguration;
			buildSettings = {
				ALWAYS_SEARCH_USER_PATHS = NO;
				CLANG_CXX_LANGUAGE_STANDARD = "gnu++0x";
				CLANG_CXX_LIBRARY = "libc++";
				CLANG_ENABLE_MODULES = YES;
				CLANG_ENABLE_OBJC_ARC = YES;
				CLANG_WARN_BOOL_CONVERSION = YES;
				CLANG_WARN_CONSTANT_CONVERSION = YES;
				CLANG_WARN_DIRECT_OBJC_ISA_USAGE = YES_ERROR;
				CLANG_WARN_EMPTY_BODY = YES;
				CLANG_WARN_ENUM_CONVERSION = YES;
				CLANG_WARN_INT_CONVERSION = YES;
				CLANG_WARN_OBJC_ROOT_CLASS = YES_ERROR;
				CLANG_WARN_UNREACHABLE_CODE = YES;
				CLANG_WARN__DUPLICATE_METHOD_MATCH = YES;
				"CODE_SIGN_IDENTITY[sdk=iphoneos*]" = "iPhone Developer";
				COPY_PHASE_STRIP = NO;
				ENABLE_STRICT_OBJC_MSGSEND = YES;
				GCC_C_LANGUAGE_STANDARD = gnu99;
				GCC_DYNAMIC_NO_PIC = NO;
				GCC_OPTIMIZATION_LEVEL = 0;
				GCC_PREPROCESSOR_DEFINITIONS = (
					"DEBUG=1",
					"$(inherited)",
				);
				GCC_SYMBOLS_PRIVATE_EXTERN = NO;
				GCC_WARN_64_TO_32_BIT_CONVERSION = YES;
				GCC_WARN_ABOUT_RETURN_TYPE = YES_ERROR;
				GCC_WARN_UNDECLARED_SELECTOR = YES;
				GCC_WARN_UNINITIALIZED_AUTOS = YES_AGGRESSIVE;
				GCC_WARN_UNUSED_FUNCTION = YES;
				GCC_WARN_UNUSED_VARIABLE = YES;
				IPHONEOS_DEPLOYMENT_TARGET = 8.1;
				MTL_ENABLE_DEBUG_INFO = YES;
				ONLY_ACTIVE_ARCH = YES;
				SDKROOT = iphoneos;
			};
			name = Debug;
		};
		D04E28F01B607B1C005CC1F8 /* Release */ = {
			isa = XCBuildConfiguration;
			buildSettings = {
				ALWAYS_SEARCH_USER_PATHS = NO;
				CLANG_CXX_LANGUAGE_STANDARD = "gnu++0x";
				CLANG_CXX_LIBRARY = "libc++";
				CLANG_ENABLE_MODULES = YES;
				CLANG_ENABLE_OBJC_ARC = YES;
				CLANG_WARN_BOOL_CONVERSION = YES;
				CLANG_WARN_CONSTANT_CONVERSION = YES;
				CLANG_WARN_DIRECT_OBJC_ISA_USAGE = YES_ERROR;
				CLANG_WARN_EMPTY_BODY = YES;
				CLANG_WARN_ENUM_CONVERSION = YES;
				CLANG_WARN_INT_CONVERSION = YES;
				CLANG_WARN_OBJC_ROOT_CLASS = YES_ERROR;
				CLANG_WARN_UNREACHABLE_CODE = YES;
				CLANG_WARN__DUPLICATE_METHOD_MATCH = YES;
				"CODE_SIGN_IDENTITY[sdk=iphoneos*]" = "iPhone Developer";
				COPY_PHASE_STRIP = YES;
				ENABLE_NS_ASSERTIONS = NO;
				ENABLE_STRICT_OBJC_MSGSEND = YES;
				GCC_C_LANGUAGE_STANDARD = gnu99;
				GCC_WARN_64_TO_32_BIT_CONVERSION = YES;
				GCC_WARN_ABOUT_RETURN_TYPE = YES_ERROR;
				GCC_WARN_UNDECLARED_SELECTOR = YES;
				GCC_WARN_UNINITIALIZED_AUTOS = YES_AGGRESSIVE;
				GCC_WARN_UNUSED_FUNCTION = YES;
				GCC_WARN_UNUSED_VARIABLE = YES;
				IPHONEOS_DEPLOYMENT_TARGET = 8.1;
				MTL_ENABLE_DEBUG_INFO = NO;
				SDKROOT = iphoneos;
				VALIDATE_PRODUCT = YES;
			};
			name = Release;
		};
		D04E28F21B607B1C005CC1F8 /* Debug */ = {
			isa = XCBuildConfiguration;
			buildSettings = {
				ASSETCATALOG_COMPILER_APPICON_NAME = AppIcon;
				INFOPLIST_FILE = transtion/Info.plist;
				LD_RUNPATH_SEARCH_PATHS = "$(inherited) @executable_path/Frameworks";
				PRODUCT_NAME = "$(TARGET_NAME)";
			};
			name = Debug;
		};
		D04E28F31B607B1C005CC1F8 /* Release */ = {
			isa = XCBuildConfiguration;
			buildSettings = {
				ASSETCATALOG_COMPILER_APPICON_NAME = AppIcon;
				INFOPLIST_FILE = transtion/Info.plist;
				LD_RUNPATH_SEARCH_PATHS = "$(inherited) @executable_path/Frameworks";
				PRODUCT_NAME = "$(TARGET_NAME)";
			};
			name = Release;
		};
		D04E28F51B607B1C005CC1F8 /* Debug */ = {
			isa = XCBuildConfiguration;
			buildSettings = {
				BUNDLE_LOADER = "$(TEST_HOST)";
				FRAMEWORK_SEARCH_PATHS = (
					"$(SDKROOT)/Developer/Library/Frameworks",
					"$(inherited)",
				);
				GCC_PREPROCESSOR_DEFINITIONS = (
					"DEBUG=1",
					"$(inherited)",
				);
				INFOPLIST_FILE = transtionTests/Info.plist;
				LD_RUNPATH_SEARCH_PATHS = "$(inherited) @executable_path/Frameworks @loader_path/Frameworks";
				PRODUCT_NAME = "$(TARGET_NAME)";
				TEST_HOST = "$(BUILT_PRODUCTS_DIR)/transtion.app/transtion";
			};
			name = Debug;
		};
		D04E28F61B607B1C005CC1F8 /* Release */ = {
			isa = XCBuildConfiguration;
			buildSettings = {
				BUNDLE_LOADER = "$(TEST_HOST)";
				FRAMEWORK_SEARCH_PATHS = (
					"$(SDKROOT)/Developer/Library/Frameworks",
					"$(inherited)",
				);
				INFOPLIST_FILE = transtionTests/Info.plist;
				LD_RUNPATH_SEARCH_PATHS = "$(inherited) @executable_path/Frameworks @loader_path/Frameworks";
				PRODUCT_NAME = "$(TARGET_NAME)";
				TEST_HOST = "$(BUILT_PRODUCTS_DIR)/transtion.app/transtion";
			};
			name = Release;
		};
/* End XCBuildConfiguration section */

/* Begin XCConfigurationList section */
		D04E28C91B607B1B005CC1F8 /* Build configuration list for PBXProject "transtion" */ = {
			isa = XCConfigurationList;
			buildConfigurations = (
				D04E28EF1B607B1C005CC1F8 /* Debug */,
				D04E28F01B607B1C005CC1F8 /* Release */,
			);
			defaultConfigurationIsVisible = 0;
			defaultConfigurationName = Release;
		};
		D04E28F11B607B1C005CC1F8 /* Build configuration list for PBXNativeTarget "transtion" */ = {
			isa = XCConfigurationList;
			buildConfigurations = (
				D04E28F21B607B1C005CC1F8 /* Debug */,
				D04E28F31B607B1C005CC1F8 /* Release */,
			);
			defaultConfigurationIsVisible = 0;
		};
		D04E28F41B607B1C005CC1F8 /* Build configuration list for PBXNativeTarget "transtionTests" */ = {
			isa = XCConfigurationList;
			buildConfigurations = (
				D04E28F51B607B1C005CC1F8 /* Debug */,
				D04E28F61B607B1C005CC1F8 /* Release */,
			);
			defaultConfigurationIsVisible = 0;
		};
/* End XCConfigurationList section */
	};
	rootObject = D04E28C61B607B1B005CC1F8 /* Project object */;
}
